
Microsoft Visual Studio Solution File, Format Version 12.00
# Visual Studio Version 17
VisualStudioVersion = 17.14.36212.18
MinimumVisualStudioVersion = 10.0.40219.1
Project("{FAE04EC0-301F-11D3-BF4B-00C04F79EFBC}") = "UtilityLibrary", "UtilityLibrary.csproj", "{51B673DA-051E-4010-BBFB-25BBD1CE5197}"
EndProject
Project("{FAE04EC0-301F-11D3-BF4B-00C04F79EFBC}") = "RabbitMQIntegrationLibrary", "..\RabbitMQIntegrationLibrary\RabbitMQIntegrationLibrary.csproj", "{8C09120C-4B4E-439A-B8C7-93EEF39C8F27}"
EndProject
Global
	GlobalSection(SolutionConfigurationPlatforms) = preSolution
		Debug|Any CPU = Debug|Any CPU
		Release|Any CPU = Release|Any CPU
	EndGlobalSection
	GlobalSection(ProjectConfigurationPlatforms) = postSolution
		{51B673DA-051E-4010-BBFB-25BBD1CE5197}.Debug|Any CPU.ActiveCfg = Debug|Any CPU
		{51B673DA-051E-4010-BBFB-25BBD1CE5197}.Debug|Any CPU.Build.0 = Debug|Any CPU
		{51B673DA-051E-4010-BBFB-25BBD1CE5197}.Release|Any CPU.ActiveCfg = Release|Any CPU
		{51B673DA-051E-4010-BBFB-25BBD1CE5197}.Release|Any CPU.Build.0 = Release|Any CPU
		{8C09120C-4B4E-439A-B8C7-93EEF39C8F27}.Debug|Any CPU.ActiveCfg = Debug|Any CPU
		{8C09120C-4B4E-439A-B8C7-93EEF39C8F27}.Debug|Any CPU.Build.0 = Debug|Any CPU
		{8C09120C-4B4E-439A-B8C7-93EEF39C8F27}.Release|Any CPU.ActiveCfg = Release|Any CPU
		{8C09120C-4B4E-439A-B8C7-93EEF39C8F27}.Release|Any CPU.Build.0 = Release|Any CPU
	EndGlobalSection
	GlobalSection(SolutionProperties) = preSolution
		HideSolutionNode = FALSE
	EndGlobalSection
	GlobalSection(ExtensibilityGlobals) = postSolution
		SolutionGuid = {6C7A07AF-2221-4F00-A182-66AE81550DA9}
	EndGlobalSection
EndGlobal
